
Microsoft Visual Studio Solution File, Format Version 12.00
# Visual Studio Version 17
VisualStudioVersion = 17.0.31903.59
MinimumVisualStudioVersion = 10.0.40219.1
Project("{9A19103F-16F7-4668-BE54-9A1E7A4F7556}") = "E1AisSender", "E1Translator\E1AisSender.csproj", "{C8898493-743B-407E-BEC9-8428C256A908}"
EndProject
Project("{9A19103F-16F7-4668-BE54-9A1E7A4F7556}") = "E1AisSender.UnitTests", "E1Translator.UnitTests\E1AisSender.UnitTests.csproj", "{5C7FE426-7D66-419B-90F1-C7585B5A8F56}"
EndProject
Project("{FAE04EC0-301F-11D3-BF4B-00C04F79EFBC}") = "ClassLibrary1", "ClassLibrary1\ClassLibrary1.csproj", "{C2C7A547-3EFD-4243-8712-F4436FC931ED}"
EndProject
Global
	GlobalSection(SolutionConfigurationPlatforms) = preSolution
		Debug|Any CPU = Debug|Any CPU
		Release|Any CPU = Release|Any CPU
	EndGlobalSection
	GlobalSection(ProjectConfigurationPlatforms) = postSolution
		{C8898493-743B-407E-BEC9-8428C256A908}.Debug|Any CPU.ActiveCfg = Debug|Any CPU
		{C8898493-743B-407E-BEC9-8428C256A908}.Debug|Any CPU.Build.0 = Debug|Any CPU
		{C8898493-743B-407E-BEC9-8428C256A908}.Release|Any CPU.ActiveCfg = Release|Any CPU
		{C8898493-743B-407E-BEC9-8428C256A908}.Release|Any CPU.Build.0 = Release|Any CPU
		{5C7FE426-7D66-419B-90F1-C7585B5A8F56}.Debug|Any CPU.ActiveCfg = Debug|Any CPU
		{5C7FE426-7D66-419B-90F1-C7585B5A8F56}.Debug|Any CPU.Build.0 = Debug|Any CPU
		{5C7FE426-7D66-419B-90F1-C7585B5A8F56}.Release|Any CPU.ActiveCfg = Release|Any CPU
		{5C7FE426-7D66-419B-90F1-C7585B5A8F56}.Release|Any CPU.Build.0 = Release|Any CPU
		{C2C7A547-3EFD-4243-8712-F4436FC931ED}.Debug|Any CPU.ActiveCfg = Debug|Any CPU
		{C2C7A547-3EFD-4243-8712-F4436FC931ED}.Debug|Any CPU.Build.0 = Debug|Any CPU
		{C2C7A547-3EFD-4243-8712-F4436FC931ED}.Release|Any CPU.ActiveCfg = Release|Any CPU
		{C2C7A547-3EFD-4243-8712-F4436FC931ED}.Release|Any CPU.Build.0 = Release|Any CPU
	EndGlobalSection
	GlobalSection(SolutionProperties) = preSolution
		HideSolutionNode = FALSE
	EndGlobalSection
	GlobalSection(ExtensibilityGlobals) = postSolution
		SolutionGuid = {7C9E6D34-80D4-4AE3-8424-67147FD685B7}
	EndGlobalSection
EndGlobal
